// !$*UTF8*$!
{
	archiveVersion = 1;
	classes = {
	};
	objectVersion = 50;
	objects = {

/* Begin PBXBuildFile section */
		DECDFDCB259C4CAA00B52545 /* LandmarksApp.swift in Sources */ = {isa = PBXBuildFile; fileRef = DECDFDCA259C4CAA00B52545 /* LandmarksApp.swift */; };
		DECDFDCD259C4CAA00B52545 /* ContentView.swift in Sources */ = {isa = PBXBuildFile; fileRef = DECDFDCC259C4CAA00B52545 /* ContentView.swift */; };
		DECDFDCF259C4CAB00B52545 /* Assets.xcassets in Resources */ = {isa = PBXBuildFile; fileRef = DECDFDCE259C4CAB00B52545 /* Assets.xcassets */; };
		DECDFDD2259C4CAB00B52545 /* Preview Assets.xcassets in Resources */ = {isa = PBXBuildFile; fileRef = DECDFDD1259C4CAB00B52545 /* Preview Assets.xcassets */; };
		DECDFDDD259C4CAB00B52545 /* LandmarksTests.swift in Sources */ = {isa = PBXBuildFile; fileRef = DECDFDDC259C4CAB00B52545 /* LandmarksTests.swift */; };
		DECDFDE8259C4CAB00B52545 /* LandmarksUITests.swift in Sources */ = {isa = PBXBuildFile; fileRef = DECDFDE7259C4CAB00B52545 /* LandmarksUITests.swift */; };
		DECDFDF9259C50E900B52545 /* CircleImage.swift in Sources */ = {isa = PBXBuildFile; fileRef = DECDFDF8259C50E900B52545 /* CircleImage.swift */; };
		DECDFDFE259C51AD00B52545 /* MapView.swift in Sources */ = {isa = PBXBuildFile; fileRef = DECDFDFD259C51AD00B52545 /* MapView.swift */; };
		DECDFE03259CEF8200B52545 /* landmarkData.json in Resources */ = {isa = PBXBuildFile; fileRef = DECDFE02259CEF8200B52545 /* landmarkData.json */; };
		DECDFE08259CEFAF00B52545 /* Landmark.swift in Sources */ = {isa = PBXBuildFile; fileRef = DECDFE07259CEFAF00B52545 /* Landmark.swift */; };
		DECDFE0D259D24B000B52545 /* ModelData.swift in Sources */ = {isa = PBXBuildFile; fileRef = DECDFE0C259D24B000B52545 /* ModelData.swift */; };
		DECDFE15259D28AD00B52545 /* LandmarkRow.swift in Sources */ = {isa = PBXBuildFile; fileRef = DECDFE14259D28AD00B52545 /* LandmarkRow.swift */; };
		DECDFE1A259D2EFA00B52545 /* LandmarkList.swift in Sources */ = {isa = PBXBuildFile; fileRef = DECDFE19259D2EFA00B52545 /* LandmarkList.swift */; };
		DECDFE22259D6A9D00B52545 /* LandmarkDetail.swift in Sources */ = {isa = PBXBuildFile; fileRef = DECDFE21259D6A9D00B52545 /* LandmarkDetail.swift */; };
		DECDFE27259D8D2A00B52545 /* FavoriteButton.swift in Sources */ = {isa = PBXBuildFile; fileRef = DECDFE26259D8D2A00B52545 /* FavoriteButton.swift */; };
		DECDFE37259D932500B52545 /* HexagonParameters.swift in Sources */ = {isa = PBXBuildFile; fileRef = DECDFE36259D932500B52545 /* HexagonParameters.swift */; };
		DECDFE3C259D945E00B52545 /* BadgeBackground.swift in Sources */ = {isa = PBXBuildFile; fileRef = DECDFE3B259D945E00B52545 /* BadgeBackground.swift */; };
		DECDFE41259D9EEA00B52545 /* BadgeSymbol.swift in Sources */ = {isa = PBXBuildFile; fileRef = DECDFE40259D9EEA00B52545 /* BadgeSymbol.swift */; };
		DECDFE46259D9FB000B52545 /* RotatedBadgeSymbol.swift in Sources */ = {isa = PBXBuildFile; fileRef = DECDFE45259D9FB000B52545 /* RotatedBadgeSymbol.swift */; };
		DECDFE4B259DA01A00B52545 /* Badge.swift in Sources */ = {isa = PBXBuildFile; fileRef = DECDFE4A259DA01A00B52545 /* Badge.swift */; };
		DECDFE54259EAE1500B52545 /* hikeData.json in Resources */ = {isa = PBXBuildFile; fileRef = DECDFE53259EAE1500B52545 /* hikeData.json */; };
		DECDFE59259EB84600B52545 /* HIke.swift in Sources */ = {isa = PBXBuildFile; fileRef = DECDFE58259EB84600B52545 /* HIke.swift */; };
		DECDFE62259EC4B600B52545 /* GraphCapsule.swift in Sources */ = {isa = PBXBuildFile; fileRef = DECDFE5E259EC4B600B52545 /* GraphCapsule.swift */; };
		DECDFE63259EC4B600B52545 /* HikeGraph.swift in Sources */ = {isa = PBXBuildFile; fileRef = DECDFE5F259EC4B600B52545 /* HikeGraph.swift */; };
		DECDFE64259EC4B600B52545 /* HikeDetail.swift in Sources */ = {isa = PBXBuildFile; fileRef = DECDFE60259EC4B600B52545 /* HikeDetail.swift */; };
		DECDFE65259EC4B600B52545 /* HikeView.swift in Sources */ = {isa = PBXBuildFile; fileRef = DECDFE61259EC4B600B52545 /* HikeView.swift */; };
		DECDFE6E259ED8F500B52545 /* CategoryHome.swift in Sources */ = {isa = PBXBuildFile; fileRef = DECDFE6D259ED8F500B52545 /* CategoryHome.swift */; };
		DECDFE73259EDE4500B52545 /* CategoryRow.swift in Sources */ = {isa = PBXBuildFile; fileRef = DECDFE72259EDE4500B52545 /* CategoryRow.swift */; };
		DECDFE78259EE08B00B52545 /* CategoryItem.swift in Sources */ = {isa = PBXBuildFile; fileRef = DECDFE77259EE08B00B52545 /* CategoryItem.swift */; };
		DECDFE7D259EF17F00B52545 /* Profile.swift in Sources */ = {isa = PBXBuildFile; fileRef = DECDFE7C259EF17F00B52545 /* Profile.swift */; };
		DECDFE83259EF87300B52545 /* ProfileHost.swift in Sources */ = {isa = PBXBuildFile; fileRef = DECDFE82259EF87300B52545 /* ProfileHost.swift */; };
		DECDFE88259EF91300B52545 /* ProfileSummary.swift in Sources */ = {isa = PBXBuildFile; fileRef = DECDFE87259EF91300B52545 /* ProfileSummary.swift */; };
		DECDFE8D259EFA7A00B52545 /* HikeBadge.swift in Sources */ = {isa = PBXBuildFile; fileRef = DECDFE8C259EFA7A00B52545 /* HikeBadge.swift */; };
		DECE2183259FB59F0056F0F3 /* ProfileEditor.swift in Sources */ = {isa = PBXBuildFile; fileRef = DECE2182259FB59F0056F0F3 /* ProfileEditor.swift */; };
		DECE2189259FC5170056F0F3 /* PageViewController.swift in Sources */ = {isa = PBXBuildFile; fileRef = DECE2188259FC5170056F0F3 /* PageViewController.swift */; };
		DECE218E259FC8580056F0F3 /* FeatureCard.swift in Sources */ = {isa = PBXBuildFile; fileRef = DECE218D259FC8580056F0F3 /* FeatureCard.swift */; };
		DECE2193259FCF260056F0F3 /* PageView.swift in Sources */ = {isa = PBXBuildFile; fileRef = DECE2192259FCF260056F0F3 /* PageView.swift */; };
		DECE2198259FDB3C0056F0F3 /* PageControl.swift in Sources */ = {isa = PBXBuildFile; fileRef = DECE2197259FDB3C0056F0F3 /* PageControl.swift */; };
/* End PBXBuildFile section */

/* Begin PBXContainerItemProxy section */
		DECDFDD9259C4CAB00B52545 /* PBXContainerItemProxy */ = {
			isa = PBXContainerItemProxy;
			containerPortal = DECDFDBF259C4CAA00B52545 /* Project object */;
			proxyType = 1;
			remoteGlobalIDString = DECDFDC6259C4CAA00B52545;
			remoteInfo = Landmarks;
		};
		DECDFDE4259C4CAB00B52545 /* PBXContainerItemProxy */ = {
			isa = PBXContainerItemProxy;
			containerPortal = DECDFDBF259C4CAA00B52545 /* Project object */;
			proxyType = 1;
			remoteGlobalIDString = DECDFDC6259C4CAA00B52545;
			remoteInfo = Landmarks;
		};
/* End PBXContainerItemProxy section */

/* Begin PBXFileReference section */
		DECDFDC7259C4CAA00B52545 /* Landmarks.app */ = {isa = PBXFileReference; explicitFileType = wrapper.application; includeInIndex = 0; path = Landmarks.app; sourceTree = BUILT_PRODUCTS_DIR; };
		DECDFDCA259C4CAA00B52545 /* LandmarksApp.swift */ = {isa = PBXFileReference; lastKnownFileType = sourcecode.swift; path = LandmarksApp.swift; sourceTree = "<group>"; };
		DECDFDCC259C4CAA00B52545 /* ContentView.swift */ = {isa = PBXFileReference; lastKnownFileType = sourcecode.swift; path = ContentView.swift; sourceTree = "<group>"; };
		DECDFDCE259C4CAB00B52545 /* Assets.xcassets */ = {isa = PBXFileReference; lastKnownFileType = folder.assetcatalog; path = Assets.xcassets; sourceTree = "<group>"; };
		DECDFDD1259C4CAB00B52545 /* Preview Assets.xcassets */ = {isa = PBXFileReference; lastKnownFileType = folder.assetcatalog; path = "Preview Assets.xcassets"; sourceTree = "<group>"; };
		DECDFDD3259C4CAB00B52545 /* Info.plist */ = {isa = PBXFileReference; lastKnownFileType = text.plist.xml; path = Info.plist; sourceTree = "<group>"; };
		DECDFDD8259C4CAB00B52545 /* LandmarksTests.xctest */ = {isa = PBXFileReference; explicitFileType = wrapper.cfbundle; includeInIndex = 0; path = LandmarksTests.xctest; sourceTree = BUILT_PRODUCTS_DIR; };
		DECDFDDC259C4CAB00B52545 /* LandmarksTests.swift */ = {isa = PBXFileReference; lastKnownFileType = sourcecode.swift; path = LandmarksTests.swift; sourceTree = "<group>"; };
		DECDFDDE259C4CAB00B52545 /* Info.plist */ = {isa = PBXFileReference; lastKnownFileType = text.plist.xml; path = Info.plist; sourceTree = "<group>"; };
		DECDFDE3259C4CAB00B52545 /* LandmarksUITests.xctest */ = {isa = PBXFileReference; explicitFileType = wrapper.cfbundle; includeInIndex = 0; path = LandmarksUITests.xctest; sourceTree = BUILT_PRODUCTS_DIR; };
		DECDFDE7259C4CAB00B52545 /* LandmarksUITests.swift */ = {isa = PBXFileReference; lastKnownFileType = sourcecode.swift; path = LandmarksUITests.swift; sourceTree = "<group>"; };
		DECDFDE9259C4CAB00B52545 /* Info.plist */ = {isa = PBXFileReference; lastKnownFileType = text.plist.xml; path = Info.plist; sourceTree = "<group>"; };
		DECDFDF8259C50E900B52545 /* CircleImage.swift */ = {isa = PBXFileReference; lastKnownFileType = sourcecode.swift; path = CircleImage.swift; sourceTree = "<group>"; };
		DECDFDFD259C51AD00B52545 /* MapView.swift */ = {isa = PBXFileReference; lastKnownFileType = sourcecode.swift; path = MapView.swift; sourceTree = "<group>"; };
		DECDFE02259CEF8200B52545 /* landmarkData.json */ = {isa = PBXFileReference; fileEncoding = 4; lastKnownFileType = text.json; path = landmarkData.json; sourceTree = "<group>"; };
		DECDFE07259CEFAF00B52545 /* Landmark.swift */ = {isa = PBXFileReference; lastKnownFileType = sourcecode.swift; path = Landmark.swift; sourceTree = "<group>"; };
		DECDFE0C259D24B000B52545 /* ModelData.swift */ = {isa = PBXFileReference; lastKnownFileType = sourcecode.swift; path = ModelData.swift; sourceTree = "<group>"; };
		DECDFE14259D28AD00B52545 /* LandmarkRow.swift */ = {isa = PBXFileReference; lastKnownFileType = sourcecode.swift; path = LandmarkRow.swift; sourceTree = "<group>"; };
		DECDFE19259D2EFA00B52545 /* LandmarkList.swift */ = {isa = PBXFileReference; lastKnownFileType = sourcecode.swift; path = LandmarkList.swift; sourceTree = "<group>"; };
		DECDFE21259D6A9D00B52545 /* LandmarkDetail.swift */ = {isa = PBXFileReference; lastKnownFileType = sourcecode.swift; path = LandmarkDetail.swift; sourceTree = "<group>"; };
		DECDFE26259D8D2A00B52545 /* FavoriteButton.swift */ = {isa = PBXFileReference; lastKnownFileType = sourcecode.swift; path = FavoriteButton.swift; sourceTree = "<group>"; };
		DECDFE36259D932500B52545 /* HexagonParameters.swift */ = {isa = PBXFileReference; lastKnownFileType = sourcecode.swift; path = HexagonParameters.swift; sourceTree = "<group>"; };
		DECDFE3B259D945E00B52545 /* BadgeBackground.swift */ = {isa = PBXFileReference; lastKnownFileType = sourcecode.swift; path = BadgeBackground.swift; sourceTree = "<group>"; };
		DECDFE40259D9EEA00B52545 /* BadgeSymbol.swift */ = {isa = PBXFileReference; lastKnownFileType = sourcecode.swift; path = BadgeSymbol.swift; sourceTree = "<group>"; };
		DECDFE45259D9FB000B52545 /* RotatedBadgeSymbol.swift */ = {isa = PBXFileReference; lastKnownFileType = sourcecode.swift; path = RotatedBadgeSymbol.swift; sourceTree = "<group>"; };
		DECDFE4A259DA01A00B52545 /* Badge.swift */ = {isa = PBXFileReference; lastKnownFileType = sourcecode.swift; path = Badge.swift; sourceTree = "<group>"; };
		DECDFE53259EAE1500B52545 /* hikeData.json */ = {isa = PBXFileReference; fileEncoding = 4; lastKnownFileType = text.json; path = hikeData.json; sourceTree = "<group>"; };
		DECDFE58259EB84600B52545 /* HIke.swift */ = {isa = PBXFileReference; lastKnownFileType = sourcecode.swift; path = HIke.swift; sourceTree = "<group>"; };
		DECDFE5E259EC4B600B52545 /* GraphCapsule.swift */ = {isa = PBXFileReference; fileEncoding = 4; lastKnownFileType = sourcecode.swift; path = GraphCapsule.swift; sourceTree = "<group>"; };
		DECDFE5F259EC4B600B52545 /* HikeGraph.swift */ = {isa = PBXFileReference; fileEncoding = 4; lastKnownFileType = sourcecode.swift; path = HikeGraph.swift; sourceTree = "<group>"; };
		DECDFE60259EC4B600B52545 /* HikeDetail.swift */ = {isa = PBXFileReference; fileEncoding = 4; lastKnownFileType = sourcecode.swift; path = HikeDetail.swift; sourceTree = "<group>"; };
		DECDFE61259EC4B600B52545 /* HikeView.swift */ = {isa = PBXFileReference; fileEncoding = 4; lastKnownFileType = sourcecode.swift; path = HikeView.swift; sourceTree = "<group>"; };
		DECDFE6D259ED8F500B52545 /* CategoryHome.swift */ = {isa = PBXFileReference; lastKnownFileType = sourcecode.swift; path = CategoryHome.swift; sourceTree = "<group>"; };
		DECDFE72259EDE4500B52545 /* CategoryRow.swift */ = {isa = PBXFileReference; lastKnownFileType = sourcecode.swift; path = CategoryRow.swift; sourceTree = "<group>"; };
		DECDFE77259EE08B00B52545 /* CategoryItem.swift */ = {isa = PBXFileReference; lastKnownFileType = sourcecode.swift; path = CategoryItem.swift; sourceTree = "<group>"; };
		DECDFE7C259EF17F00B52545 /* Profile.swift */ = {isa = PBXFileReference; lastKnownFileType = sourcecode.swift; path = Profile.swift; sourceTree = "<group>"; };
		DECDFE82259EF87300B52545 /* ProfileHost.swift */ = {isa = PBXFileReference; lastKnownFileType = sourcecode.swift; path = ProfileHost.swift; sourceTree = "<group>"; };
		DECDFE87259EF91300B52545 /* ProfileSummary.swift */ = {isa = PBXFileReference; lastKnownFileType = sourcecode.swift; path = ProfileSummary.swift; sourceTree = "<group>"; };
		DECDFE8C259EFA7A00B52545 /* HikeBadge.swift */ = {isa = PBXFileReference; lastKnownFileType = sourcecode.swift; path = HikeBadge.swift; sourceTree = "<group>"; };
		DECE2182259FB59F0056F0F3 /* ProfileEditor.swift */ = {isa = PBXFileReference; lastKnownFileType = sourcecode.swift; path = ProfileEditor.swift; sourceTree = "<group>"; };
		DECE2188259FC5170056F0F3 /* PageViewController.swift */ = {isa = PBXFileReference; lastKnownFileType = sourcecode.swift; path = PageViewController.swift; sourceTree = "<group>"; };
		DECE218D259FC8580056F0F3 /* FeatureCard.swift */ = {isa = PBXFileReference; lastKnownFileType = sourcecode.swift; path = FeatureCard.swift; sourceTree = "<group>"; };
		DECE2192259FCF260056F0F3 /* PageView.swift */ = {isa = PBXFileReference; lastKnownFileType = sourcecode.swift; path = PageView.swift; sourceTree = "<group>"; };
		DECE2197259FDB3C0056F0F3 /* PageControl.swift */ = {isa = PBXFileReference; lastKnownFileType = sourcecode.swift; path = PageControl.swift; sourceTree = "<group>"; };
/* End PBXFileReference section */

/* Begin PBXFrameworksBuildPhase section */
		DECDFDC4259C4CAA00B52545 /* Frameworks */ = {
			isa = PBXFrameworksBuildPhase;
			buildActionMask = 2147483647;
			files = (
			);
			runOnlyForDeploymentPostprocessing = 0;
		};
		DECDFDD5259C4CAB00B52545 /* Frameworks */ = {
			isa = PBXFrameworksBuildPhase;
			buildActionMask = 2147483647;
			files = (
			);
			runOnlyForDeploymentPostprocessing = 0;
		};
		DECDFDE0259C4CAB00B52545 /* Frameworks */ = {
			isa = PBXFrameworksBuildPhase;
			buildActionMask = 2147483647;
			files = (
			);
			runOnlyForDeploymentPostprocessing = 0;
		};
/* End PBXFrameworksBuildPhase section */

/* Begin PBXGroup section */
		DECDFDBE259C4CAA00B52545 = {
			isa = PBXGroup;
			children = (
				DECDFDC9259C4CAA00B52545 /* Landmarks */,
				DECDFE13259D26CD00B52545 /* Model */,
				DECDFE12259D26C100B52545 /* Resources */,
				DECDFE11259D26B900B52545 /* Views */,
				DECDFDDB259C4CAB00B52545 /* LandmarksTests */,
				DECDFDE6259C4CAB00B52545 /* LandmarksUITests */,
				DECDFDC8259C4CAA00B52545 /* Products */,
			);
			sourceTree = "<group>";
		};
		DECDFDC8259C4CAA00B52545 /* Products */ = {
			isa = PBXGroup;
			children = (
				DECDFDC7259C4CAA00B52545 /* Landmarks.app */,
				DECDFDD8259C4CAB00B52545 /* LandmarksTests.xctest */,
				DECDFDE3259C4CAB00B52545 /* LandmarksUITests.xctest */,
			);
			name = Products;
			sourceTree = "<group>";
		};
		DECDFDC9259C4CAA00B52545 /* Landmarks */ = {
			isa = PBXGroup;
			children = (
				DECDFDCA259C4CAA00B52545 /* LandmarksApp.swift */,
				DECDFDCE259C4CAB00B52545 /* Assets.xcassets */,
				DECDFDD3259C4CAB00B52545 /* Info.plist */,
				DECDFDD0259C4CAB00B52545 /* Preview Content */,
			);
			path = Landmarks;
			sourceTree = "<group>";
		};
		DECDFDD0259C4CAB00B52545 /* Preview Content */ = {
			isa = PBXGroup;
			children = (
				DECDFDD1259C4CAB00B52545 /* Preview Assets.xcassets */,
			);
			path = "Preview Content";
			sourceTree = "<group>";
		};
		DECDFDDB259C4CAB00B52545 /* LandmarksTests */ = {
			isa = PBXGroup;
			children = (
				DECDFDDC259C4CAB00B52545 /* LandmarksTests.swift */,
				DECDFDDE259C4CAB00B52545 /* Info.plist */,
			);
			path = LandmarksTests;
			sourceTree = "<group>";
		};
		DECDFDE6259C4CAB00B52545 /* LandmarksUITests */ = {
			isa = PBXGroup;
			children = (
				DECDFDE7259C4CAB00B52545 /* LandmarksUITests.swift */,
				DECDFDE9259C4CAB00B52545 /* Info.plist */,
			);
			path = LandmarksUITests;
			sourceTree = "<group>";
		};
		DECDFE11259D26B900B52545 /* Views */ = {
			isa = PBXGroup;
			children = (
				DECE2187259FC4FA0056F0F3 /* PageView */,
				DECDFE81259EF85F00B52545 /* Profiles */,
				DECDFE6C259ED8C600B52545 /* Categories */,
				DECDFDCC259C4CAA00B52545 /* ContentView.swift */,
				DECDFE5D259EC4B600B52545 /* Hikes */,
				DECDFE2B259D8E4E00B52545 /* Helpers */,
				DECDFE2F259D8E7E00B52545 /* Landmarks */,
				DECDFE4F259DA10A00B52545 /* Badge */,
				DECE218D259FC8580056F0F3 /* FeatureCard.swift */,
			);
			path = Views;
			sourceTree = "<group>";
		};
		DECDFE12259D26C100B52545 /* Resources */ = {
			isa = PBXGroup;
			children = (
				DECDFE53259EAE1500B52545 /* hikeData.json */,
				DECDFE02259CEF8200B52545 /* landmarkData.json */,
			);
			path = Resources;
			sourceTree = "<group>";
		};
		DECDFE13259D26CD00B52545 /* Model */ = {
			isa = PBXGroup;
			children = (
				DECDFE07259CEFAF00B52545 /* Landmark.swift */,
				DECDFE0C259D24B000B52545 /* ModelData.swift */,
				DECDFE58259EB84600B52545 /* HIke.swift */,
				DECDFE7C259EF17F00B52545 /* Profile.swift */,
			);
			path = Model;
			sourceTree = "<group>";
		};
		DECDFE2B259D8E4E00B52545 /* Helpers */ = {
			isa = PBXGroup;
			children = (
				DECDFDF8259C50E900B52545 /* CircleImage.swift */,
				DECDFDFD259C51AD00B52545 /* MapView.swift */,
				DECDFE26259D8D2A00B52545 /* FavoriteButton.swift */,
			);
			path = Helpers;
			sourceTree = "<group>";
		};
		DECDFE2F259D8E7E00B52545 /* Landmarks */ = {
			isa = PBXGroup;
			children = (
				DECDFE14259D28AD00B52545 /* LandmarkRow.swift */,
				DECDFE19259D2EFA00B52545 /* LandmarkList.swift */,
				DECDFE21259D6A9D00B52545 /* LandmarkDetail.swift */,
			);
			path = Landmarks;
			sourceTree = "<group>";
		};
		DECDFE4F259DA10A00B52545 /* Badge */ = {
			isa = PBXGroup;
			children = (
				DECDFE36259D932500B52545 /* HexagonParameters.swift */,
				DECDFE3B259D945E00B52545 /* BadgeBackground.swift */,
				DECDFE40259D9EEA00B52545 /* BadgeSymbol.swift */,
				DECDFE45259D9FB000B52545 /* RotatedBadgeSymbol.swift */,
				DECDFE4A259DA01A00B52545 /* Badge.swift */,
			);
			path = Badge;
			sourceTree = "<group>";
		};
		DECDFE5D259EC4B600B52545 /* Hikes */ = {
			isa = PBXGroup;
			children = (
				DECDFE5E259EC4B600B52545 /* GraphCapsule.swift */,
				DECDFE5F259EC4B600B52545 /* HikeGraph.swift */,
				DECDFE60259EC4B600B52545 /* HikeDetail.swift */,
				DECDFE61259EC4B600B52545 /* HikeView.swift */,
				DECDFE8C259EFA7A00B52545 /* HikeBadge.swift */,
			);
			path = Hikes;
			sourceTree = "<group>";
		};
		DECDFE6C259ED8C600B52545 /* Categories */ = {
			isa = PBXGroup;
			children = (
				DECDFE6D259ED8F500B52545 /* CategoryHome.swift */,
				DECDFE72259EDE4500B52545 /* CategoryRow.swift */,
				DECDFE77259EE08B00B52545 /* CategoryItem.swift */,
			);
			path = Categories;
			sourceTree = "<group>";
		};
		DECDFE81259EF85F00B52545 /* Profiles */ = {
			isa = PBXGroup;
			children = (
				DECDFE82259EF87300B52545 /* ProfileHost.swift */,
				DECDFE87259EF91300B52545 /* ProfileSummary.swift */,
				DECE2182259FB59F0056F0F3 /* ProfileEditor.swift */,
			);
			path = Profiles;
			sourceTree = "<group>";
		};
		DECE2187259FC4FA0056F0F3 /* PageView */ = {
			isa = PBXGroup;
			children = (
				DECE2188259FC5170056F0F3 /* PageViewController.swift */,
				DECE2192259FCF260056F0F3 /* PageView.swift */,
				DECE2197259FDB3C0056F0F3 /* PageControl.swift */,
			);
			path = PageView;
			sourceTree = "<group>";
		};
/* End PBXGroup section */

/* Begin PBXNativeTarget section */
		DECDFDC6259C4CAA00B52545 /* Landmarks */ = {
			isa = PBXNativeTarget;
			buildConfigurationList = DECDFDEC259C4CAB00B52545 /* Build configuration list for PBXNativeTarget "Landmarks" */;
			buildPhases = (
				DECDFDC3259C4CAA00B52545 /* Sources */,
				DECDFDC4259C4CAA00B52545 /* Frameworks */,
				DECDFDC5259C4CAA00B52545 /* Resources */,
			);
			buildRules = (
			);
			dependencies = (
			);
			name = Landmarks;
			productName = Landmarks;
			productReference = DECDFDC7259C4CAA00B52545 /* Landmarks.app */;
			productType = "com.apple.product-type.application";
		};
		DECDFDD7259C4CAB00B52545 /* LandmarksTests */ = {
			isa = PBXNativeTarget;
			buildConfigurationList = DECDFDEF259C4CAB00B52545 /* Build configuration list for PBXNativeTarget "LandmarksTests" */;
			buildPhases = (
				DECDFDD4259C4CAB00B52545 /* Sources */,
				DECDFDD5259C4CAB00B52545 /* Frameworks */,
				DECDFDD6259C4CAB00B52545 /* Resources */,
			);
			buildRules = (
			);
			dependencies = (
				DECDFDDA259C4CAB00B52545 /* PBXTargetDependency */,
			);
			name = LandmarksTests;
			productName = LandmarksTests;
			productReference = DECDFDD8259C4CAB00B52545 /* LandmarksTests.xctest */;
			productType = "com.apple.product-type.bundle.unit-test";
		};
		DECDFDE2259C4CAB00B52545 /* LandmarksUITests */ = {
			isa = PBXNativeTarget;
			buildConfigurationList = DECDFDF2259C4CAB00B52545 /* Build configuration list for PBXNativeTarget "LandmarksUITests" */;
			buildPhases = (
				DECDFDDF259C4CAB00B52545 /* Sources */,
				DECDFDE0259C4CAB00B52545 /* Frameworks */,
				DECDFDE1259C4CAB00B52545 /* Resources */,
			);
			buildRules = (
			);
			dependencies = (
				DECDFDE5259C4CAB00B52545 /* PBXTargetDependency */,
			);
			name = LandmarksUITests;
			productName = LandmarksUITests;
			productReference = DECDFDE3259C4CAB00B52545 /* LandmarksUITests.xctest */;
			productType = "com.apple.product-type.bundle.ui-testing";
		};
/* End PBXNativeTarget section */

/* Begin PBXProject section */
		DECDFDBF259C4CAA00B52545 /* Project object */ = {
			isa = PBXProject;
			attributes = {
				LastSwiftUpdateCheck = 1230;
				LastUpgradeCheck = 1230;
				TargetAttributes = {
					DECDFDC6259C4CAA00B52545 = {
						CreatedOnToolsVersion = 12.3;
					};
					DECDFDD7259C4CAB00B52545 = {
						CreatedOnToolsVersion = 12.3;
						TestTargetID = DECDFDC6259C4CAA00B52545;
					};
					DECDFDE2259C4CAB00B52545 = {
						CreatedOnToolsVersion = 12.3;
						TestTargetID = DECDFDC6259C4CAA00B52545;
					};
				};
			};
			buildConfigurationList = DECDFDC2259C4CAA00B52545 /* Build configuration list for PBXProject "Landmarks" */;
			compatibilityVersion = "Xcode 9.3";
			developmentRegion = en;
			hasScannedForEncodings = 0;
			knownRegions = (
				en,
				Base,
			);
			mainGroup = DECDFDBE259C4CAA00B52545;
			productRefGroup = DECDFDC8259C4CAA00B52545 /* Products */;
			projectDirPath = "";
			projectRoot = "";
			targets = (
				DECDFDC6259C4CAA00B52545 /* Landmarks */,
				DECDFDD7259C4CAB00B52545 /* LandmarksTests */,
				DECDFDE2259C4CAB00B52545 /* LandmarksUITests */,
			);
		};
/* End PBXProject section */

/* Begin PBXResourcesBuildPhase section */
		DECDFDC5259C4CAA00B52545 /* Resources */ = {
			isa = PBXResourcesBuildPhase;
			buildActionMask = 2147483647;
			files = (
				DECDFE54259EAE1500B52545 /* hikeData.json in Resources */,
				DECDFDD2259C4CAB00B52545 /* Preview Assets.xcassets in Resources */,
				DECDFDCF259C4CAB00B52545 /* Assets.xcassets in Resources */,
				DECDFE03259CEF8200B52545 /* landmarkData.json in Resources */,
			);
			runOnlyForDeploymentPostprocessing = 0;
		};
		DECDFDD6259C4CAB00B52545 /* Resources */ = {
			isa = PBXResourcesBuildPhase;
			buildActionMask = 2147483647;
			files = (
			);
			runOnlyForDeploymentPostprocessing = 0;
		};
		DECDFDE1259C4CAB00B52545 /* Resources */ = {
			isa = PBXResourcesBuildPhase;
			buildActionMask = 2147483647;
			files = (
			);
			runOnlyForDeploymentPostprocessing = 0;
		};
/* End PBXResourcesBuildPhase section */

/* Begin PBXSourcesBuildPhase section */
		DECDFDC3259C4CAA00B52545 /* Sources */ = {
			isa = PBXSourcesBuildPhase;
			buildActionMask = 2147483647;
			files = (
				DECDFE73259EDE4500B52545 /* CategoryRow.swift in Sources */,
				DECDFE7D259EF17F00B52545 /* Profile.swift in Sources */,
				DECDFDCD259C4CAA00B52545 /* ContentView.swift in Sources */,
				DECDFE6E259ED8F500B52545 /* CategoryHome.swift in Sources */,
				DECE218E259FC8580056F0F3 /* FeatureCard.swift in Sources */,
				DECDFE63259EC4B600B52545 /* HikeGraph.swift in Sources */,
				DECDFE4B259DA01A00B52545 /* Badge.swift in Sources */,
				DECDFDFE259C51AD00B52545 /* MapView.swift in Sources */,
				DECDFE62259EC4B600B52545 /* GraphCapsule.swift in Sources */,
				DECDFDCB259C4CAA00B52545 /* LandmarksApp.swift in Sources */,
				DECE2198259FDB3C0056F0F3 /* PageControl.swift in Sources */,
				DECDFE27259D8D2A00B52545 /* FavoriteButton.swift in Sources */,
				DECDFE78259EE08B00B52545 /* CategoryItem.swift in Sources */,
				DECDFE64259EC4B600B52545 /* HikeDetail.swift in Sources */,
				DECDFE88259EF91300B52545 /* ProfileSummary.swift in Sources */,
				DECDFE37259D932500B52545 /* HexagonParameters.swift in Sources */,
				DECDFE83259EF87300B52545 /* ProfileHost.swift in Sources */,
				DECDFE59259EB84600B52545 /* HIke.swift in Sources */,
				DECDFE46259D9FB000B52545 /* RotatedBadgeSymbol.swift in Sources */,
				DECE2193259FCF260056F0F3 /* PageView.swift in Sources */,
				DECDFE41259D9EEA00B52545 /* BadgeSymbol.swift in Sources */,
				DECE2183259FB59F0056F0F3 /* ProfileEditor.swift in Sources */,
				DECDFE1A259D2EFA00B52545 /* LandmarkList.swift in Sources */,
				DECDFE65259EC4B600B52545 /* HikeView.swift in Sources */,
				DECDFE22259D6A9D00B52545 /* LandmarkDetail.swift in Sources */,
				DECE2189259FC5170056F0F3 /* PageViewController.swift in Sources */,
				DECDFE3C259D945E00B52545 /* BadgeBackground.swift in Sources */,
				DECDFE8D259EFA7A00B52545 /* HikeBadge.swift in Sources */,
				DECDFE15259D28AD00B52545 /* LandmarkRow.swift in Sources */,
				DECDFDF9259C50E900B52545 /* CircleImage.swift in Sources */,
				DECDFE08259CEFAF00B52545 /* Landmark.swift in Sources */,
				DECDFE0D259D24B000B52545 /* ModelData.swift in Sources */,
			);
			runOnlyForDeploymentPostprocessing = 0;
		};
		DECDFDD4259C4CAB00B52545 /* Sources */ = {
			isa = PBXSourcesBuildPhase;
			buildActionMask = 2147483647;
			files = (
				DECDFDDD259C4CAB00B52545 /* LandmarksTests.swift in Sources */,
			);
			runOnlyForDeploymentPostprocessing = 0;
		};
		DECDFDDF259C4CAB00B52545 /* Sources */ = {
			isa = PBXSourcesBuildPhase;
			buildActionMask = 2147483647;
			files = (
				DECDFDE8259C4CAB00B52545 /* LandmarksUITests.swift in Sources */,
			);
			runOnlyForDeploymentPostprocessing = 0;
		};
/* End PBXSourcesBuildPhase section */

/* Begin PBXTargetDependency section */
		DECDFDDA259C4CAB00B52545 /* PBXTargetDependency */ = {
			isa = PBXTargetDependency;
			target = DECDFDC6259C4CAA00B52545 /* Landmarks */;
			targetProxy = DECDFDD9259C4CAB00B52545 /* PBXContainerItemProxy */;
		};
		DECDFDE5259C4CAB00B52545 /* PBXTargetDependency */ = {
			isa = PBXTargetDependency;
			target = DECDFDC6259C4CAA00B52545 /* Landmarks */;
			targetProxy = DECDFDE4259C4CAB00B52545 /* PBXContainerItemProxy */;
		};
/* End PBXTargetDependency section */

/* Begin XCBuildConfiguration section */
		DECDFDEA259C4CAB00B52545 /* Debug */ = {
			isa = XCBuildConfiguration;
			buildSettings = {
				ALWAYS_SEARCH_USER_PATHS = NO;
				CLANG_ANALYZER_NONNULL = YES;
				CLANG_ANALYZER_NUMBER_OBJECT_CONVERSION = YES_AGGRESSIVE;
				CLANG_CXX_LANGUAGE_STANDARD = "gnu++14";
				CLANG_CXX_LIBRARY = "libc++";
				CLANG_ENABLE_MODULES = YES;
				CLANG_ENABLE_OBJC_ARC = YES;
				CLANG_ENABLE_OBJC_WEAK = YES;
				CLANG_WARN_BLOCK_CAPTURE_AUTORELEASING = YES;
				CLANG_WARN_BOOL_CONVERSION = YES;
				CLANG_WARN_COMMA = YES;
				CLANG_WARN_CONSTANT_CONVERSION = YES;
				CLANG_WARN_DEPRECATED_OBJC_IMPLEMENTATIONS = YES;
				CLANG_WARN_DIRECT_OBJC_ISA_USAGE = YES_ERROR;
				CLANG_WARN_DOCUMENTATION_COMMENTS = YES;
				CLANG_WARN_EMPTY_BODY = YES;
				CLANG_WARN_ENUM_CONVERSION = YES;
				CLANG_WARN_INFINITE_RECURSION = YES;
				CLANG_WARN_INT_CONVERSION = YES;
				CLANG_WARN_NON_LITERAL_NULL_CONVERSION = YES;
				CLANG_WARN_OBJC_IMPLICIT_RETAIN_SELF = YES;
				CLANG_WARN_OBJC_LITERAL_CONVERSION = YES;
				CLANG_WARN_OBJC_ROOT_CLASS = YES_ERROR;
				CLANG_WARN_QUOTED_INCLUDE_IN_FRAMEWORK_HEADER = YES;
				CLANG_WARN_RANGE_LOOP_ANALYSIS = YES;
				CLANG_WARN_STRICT_PROTOTYPES = YES;
				CLANG_WARN_SUSPICIOUS_MOVE = YES;
				CLANG_WARN_UNGUARDED_AVAILABILITY = YES_AGGRESSIVE;
				CLANG_WARN_UNREACHABLE_CODE = YES;
				CLANG_WARN__DUPLICATE_METHOD_MATCH = YES;
				COPY_PHASE_STRIP = NO;
				DEBUG_INFORMATION_FORMAT = dwarf;
				ENABLE_STRICT_OBJC_MSGSEND = YES;
				ENABLE_TESTABILITY = YES;
				GCC_C_LANGUAGE_STANDARD = gnu11;
				GCC_DYNAMIC_NO_PIC = NO;
				GCC_NO_COMMON_BLOCKS = YES;
				GCC_OPTIMIZATION_LEVEL = 0;
				GCC_PREPROCESSOR_DEFINITIONS = (
					"DEBUG=1",
					"$(inherited)",
				);
				GCC_WARN_64_TO_32_BIT_CONVERSION = YES;
				GCC_WARN_ABOUT_RETURN_TYPE = YES_ERROR;
				GCC_WARN_UNDECLARED_SELECTOR = YES;
				GCC_WARN_UNINITIALIZED_AUTOS = YES_AGGRESSIVE;
				GCC_WARN_UNUSED_FUNCTION = YES;
				GCC_WARN_UNUSED_VARIABLE = YES;
				IPHONEOS_DEPLOYMENT_TARGET = 14.3;
				MTL_ENABLE_DEBUG_INFO = INCLUDE_SOURCE;
				MTL_FAST_MATH = YES;
				ONLY_ACTIVE_ARCH = YES;
				SDKROOT = iphoneos;
				SWIFT_ACTIVE_COMPILATION_CONDITIONS = DEBUG;
				SWIFT_OPTIMIZATION_LEVEL = "-Onone";
			};
			name = Debug;
		};
		DECDFDEB259C4CAB00B52545 /* Release */ = {
			isa = XCBuildConfiguration;
			buildSettings = {
				ALWAYS_SEARCH_USER_PATHS = NO;
				CLANG_ANALYZER_NONNULL = YES;
				CLANG_ANALYZER_NUMBER_OBJECT_CONVERSION = YES_AGGRESSIVE;
				CLANG_CXX_LANGUAGE_STANDARD = "gnu++14";
				CLANG_CXX_LIBRARY = "libc++";
				CLANG_ENABLE_MODULES = YES;
				CLANG_ENABLE_OBJC_ARC = YES;
				CLANG_ENABLE_OBJC_WEAK = YES;
				CLANG_WARN_BLOCK_CAPTURE_AUTORELEASING = YES;
				CLANG_WARN_BOOL_CONVERSION = YES;
				CLANG_WARN_COMMA = YES;
				CLANG_WARN_CONSTANT_CONVERSION = YES;
				CLANG_WARN_DEPRECATED_OBJC_IMPLEMENTATIONS = YES;
				CLANG_WARN_DIRECT_OBJC_ISA_USAGE = YES_ERROR;
				CLANG_WARN_DOCUMENTATION_COMMENTS = YES;
				CLANG_WARN_EMPTY_BODY = YES;
				CLANG_WARN_ENUM_CONVERSION = YES;
				CLANG_WARN_INFINITE_RECURSION = YES;
				CLANG_WARN_INT_CONVERSION = YES;
				CLANG_WARN_NON_LITERAL_NULL_CONVERSION = YES;
				CLANG_WARN_OBJC_IMPLICIT_RETAIN_SELF = YES;
				CLANG_WARN_OBJC_LITERAL_CONVERSION = YES;
				CLANG_WARN_OBJC_ROOT_CLASS = YES_ERROR;
				CLANG_WARN_QUOTED_INCLUDE_IN_FRAMEWORK_HEADER = YES;
				CLANG_WARN_RANGE_LOOP_ANALYSIS = YES;
				CLANG_WARN_STRICT_PROTOTYPES = YES;
				CLANG_WARN_SUSPICIOUS_MOVE = YES;
				CLANG_WARN_UNGUARDED_AVAILABILITY = YES_AGGRESSIVE;
				CLANG_WARN_UNREACHABLE_CODE = YES;
				CLANG_WARN__DUPLICATE_METHOD_MATCH = YES;
				COPY_PHASE_STRIP = NO;
				DEBUG_INFORMATION_FORMAT = "dwarf-with-dsym";
				ENABLE_NS_ASSERTIONS = NO;
				ENABLE_STRICT_OBJC_MSGSEND = YES;
				GCC_C_LANGUAGE_STANDARD = gnu11;
				GCC_NO_COMMON_BLOCKS = YES;
				GCC_WARN_64_TO_32_BIT_CONVERSION = YES;
				GCC_WARN_ABOUT_RETURN_TYPE = YES_ERROR;
				GCC_WARN_UNDECLARED_SELECTOR = YES;
				GCC_WARN_UNINITIALIZED_AUTOS = YES_AGGRESSIVE;
				GCC_WARN_UNUSED_FUNCTION = YES;
				GCC_WARN_UNUSED_VARIABLE = YES;
				IPHONEOS_DEPLOYMENT_TARGET = 14.3;
				MTL_ENABLE_DEBUG_INFO = NO;
				MTL_FAST_MATH = YES;
				SDKROOT = iphoneos;
				SWIFT_COMPILATION_MODE = wholemodule;
				SWIFT_OPTIMIZATION_LEVEL = "-O";
				VALIDATE_PRODUCT = YES;
			};
			name = Release;
		};
		DECDFDED259C4CAB00B52545 /* Debug */ = {
			isa = XCBuildConfiguration;
			buildSettings = {
				ASSETCATALOG_COMPILER_APPICON_NAME = AppIcon;
				ASSETCATALOG_COMPILER_GLOBAL_ACCENT_COLOR_NAME = AccentColor;
				CODE_SIGN_STYLE = Automatic;
				DEVELOPMENT_ASSET_PATHS = "\"Landmarks/Preview Content\"";
				DEVELOPMENT_TEAM = 83S37YB44H;
				ENABLE_PREVIEWS = YES;
				INFOPLIST_FILE = Landmarks/Info.plist;
				IPHONEOS_DEPLOYMENT_TARGET = 14.0;
				LD_RUNPATH_SEARCH_PATHS = (
					"$(inherited)",
					"@executable_path/Frameworks",
				);
				PRODUCT_BUNDLE_IDENTIFIER = dev.xymox.Landmarks;
				PRODUCT_NAME = "$(TARGET_NAME)";
				SWIFT_VERSION = 5.0;
				TARGETED_DEVICE_FAMILY = "1,2";
			};
			name = Debug;
		};
		DECDFDEE259C4CAB00B52545 /* Release */ = {
			isa = XCBuildConfiguration;
			buildSettings = {
				ASSETCATALOG_COMPILER_APPICON_NAME = AppIcon;
				ASSETCATALOG_COMPILER_GLOBAL_ACCENT_COLOR_NAME = AccentColor;
				CODE_SIGN_STYLE = Automatic;
				DEVELOPMENT_ASSET_PATHS = "\"Landmarks/Preview Content\"";
				DEVELOPMENT_TEAM = 83S37YB44H;
				ENABLE_PREVIEWS = YES;
				INFOPLIST_FILE = Landmarks/Info.plist;
				IPHONEOS_DEPLOYMENT_TARGET = 14.0;
				LD_RUNPATH_SEARCH_PATHS = (
					"$(inherited)",
					"@executable_path/Frameworks",
				);
				PRODUCT_BUNDLE_IDENTIFIER = dev.xymox.Landmarks;
				PRODUCT_NAME = "$(TARGET_NAME)";
				SWIFT_VERSION = 5.0;
				TARGETED_DEVICE_FAMILY = "1,2";
			};
			name = Release;
		};
		DECDFDF0259C4CAB00B52545 /* Debug */ = {
			isa = XCBuildConfiguration;
			buildSettings = {
				ALWAYS_EMBED_SWIFT_STANDARD_LIBRARIES = YES;
				BUNDLE_LOADER = "$(TEST_HOST)";
				CODE_SIGN_STYLE = Automatic;
				DEVELOPMENT_TEAM = 83S37YB44H;
				INFOPLIST_FILE = LandmarksTests/Info.plist;
				IPHONEOS_DEPLOYMENT_TARGET = 14.0;
				LD_RUNPATH_SEARCH_PATHS = (
					"$(inherited)",
					"@executable_path/Frameworks",
					"@loader_path/Frameworks",
				);
				PRODUCT_BUNDLE_IDENTIFIER = dev.xymox.LandmarksTests;
				PRODUCT_NAME = "$(TARGET_NAME)";
				SWIFT_VERSION = 5.0;
				TARGETED_DEVICE_FAMILY = "1,2";
				TEST_HOST = "$(BUILT_PRODUCTS_DIR)/Landmarks.app/Landmarks";
			};
			name = Debug;
		};
		DECDFDF1259C4CAB00B52545 /* Release */ = {
			isa = XCBuildConfiguration;
			buildSettings = {
				ALWAYS_EMBED_SWIFT_STANDARD_LIBRARIES = YES;
				BUNDLE_LOADER = "$(TEST_HOST)";
				CODE_SIGN_STYLE = Automatic;
				DEVELOPMENT_TEAM = 83S37YB44H;
				INFOPLIST_FILE = LandmarksTests/Info.plist;
				IPHONEOS_DEPLOYMENT_TARGET = 14.0;
				LD_RUNPATH_SEARCH_PATHS = (
					"$(inherited)",
					"@executable_path/Frameworks",
					"@loader_path/Frameworks",
				);
				PRODUCT_BUNDLE_IDENTIFIER = dev.xymox.LandmarksTests;
				PRODUCT_NAME = "$(TARGET_NAME)";
				SWIFT_VERSION = 5.0;
				TARGETED_DEVICE_FAMILY = "1,2";
				TEST_HOST = "$(BUILT_PRODUCTS_DIR)/Landmarks.app/Landmarks";
			};
			name = Release;
		};
		DECDFDF3259C4CAB00B52545 /* Debug */ = {
			isa = XCBuildConfiguration;
			buildSettings = {
				ALWAYS_EMBED_SWIFT_STANDARD_LIBRARIES = YES;
				CODE_SIGN_STYLE = Automatic;
				DEVELOPMENT_TEAM = 83S37YB44H;
				INFOPLIST_FILE = LandmarksUITests/Info.plist;
				LD_RUNPATH_SEARCH_PATHS = (
					"$(inherited)",
					"@executable_path/Frameworks",
					"@loader_path/Frameworks",
				);
				PRODUCT_BUNDLE_IDENTIFIER = dev.xymox.LandmarksUITests;
				PRODUCT_NAME = "$(TARGET_NAME)";
				SWIFT_VERSION = 5.0;
				TARGETED_DEVICE_FAMILY = "1,2";
				TEST_TARGET_NAME = Landmarks;
			};
			name = Debug;
		};
		DECDFDF4259C4CAB00B52545 /* Release */ = {
			isa = XCBuildConfiguration;
			buildSettings = {
				ALWAYS_EMBED_SWIFT_STANDARD_LIBRARIES = YES;
				CODE_SIGN_STYLE = Automatic;
				DEVELOPMENT_TEAM = 83S37YB44H;
				INFOPLIST_FILE = LandmarksUITests/Info.plist;
				LD_RUNPATH_SEARCH_PATHS = (
					"$(inherited)",
					"@executable_path/Frameworks",
					"@loader_path/Frameworks",
				);
				PRODUCT_BUNDLE_IDENTIFIER = dev.xymox.LandmarksUITests;
				PRODUCT_NAME = "$(TARGET_NAME)";
				SWIFT_VERSION = 5.0;
				TARGETED_DEVICE_FAMILY = "1,2";
				TEST_TARGET_NAME = Landmarks;
			};
			name = Release;
		};
/* End XCBuildConfiguration section */

/* Begin XCConfigurationList section */
		DECDFDC2259C4CAA00B52545 /* Build configuration list for PBXProject "Landmarks" */ = {
			isa = XCConfigurationList;
			buildConfigurations = (
				DECDFDEA259C4CAB00B52545 /* Debug */,
				DECDFDEB259C4CAB00B52545 /* Release */,
			);
			defaultConfigurationIsVisible = 0;
			defaultConfigurationName = Release;
		};
		DECDFDEC259C4CAB00B52545 /* Build configuration list for PBXNativeTarget "Landmarks" */ = {
			isa = XCConfigurationList;
			buildConfigurations = (
				DECDFDED259C4CAB00B52545 /* Debug */,
				DECDFDEE259C4CAB00B52545 /* Release */,
			);
			defaultConfigurationIsVisible = 0;
			defaultConfigurationName = Release;
		};
		DECDFDEF259C4CAB00B52545 /* Build configuration list for PBXNativeTarget "LandmarksTests" */ = {
			isa = XCConfigurationList;
			buildConfigurations = (
				DECDFDF0259C4CAB00B52545 /* Debug */,
				DECDFDF1259C4CAB00B52545 /* Release */,
			);
			defaultConfigurationIsVisible = 0;
			defaultConfigurationName = Release;
		};
		DECDFDF2259C4CAB00B52545 /* Build configuration list for PBXNativeTarget "LandmarksUITests" */ = {
			isa = XCConfigurationList;
			buildConfigurations = (
				DECDFDF3259C4CAB00B52545 /* Debug */,
				DECDFDF4259C4CAB00B52545 /* Release */,
			);
			defaultConfigurationIsVisible = 0;
			defaultConfigurationName = Release;
		};
/* End XCConfigurationList section */
	};
	rootObject = DECDFDBF259C4CAA00B52545 /* Project object */;
}
